# DANGER: EDIT AT YOUR OWN RISK. Track this file in version control so that others can sync files correctly.
- commit: 0884a00aa6126c37447f2e39dc4a72d3a34498be
  files:
  - .github/python-release.yaml
  - .github/python-test.yaml
  - .github/readme-check.yaml
  - .github/workflows/lint.yaml
  - LICENSE
  - mypy.ini
  - pyproject.toml
  - pytest.ini
  - python.gitignore
  - python.mirror.yaml
  - python.pre-commit-config.yaml
  - requirements-dev.txt
  - requirements.txt
  - ruff.toml
  - template-README.md
  - version.txt
  source: https://github.com/George-Ogden/mirror-config
