# DANGER: EDIT AT YOUR OWN RISK. Track this file in version control so that others can sync files correctly.
- commit: 415e7d8b6616b12a26f0f91c0504b61b4426fea6
  files:
  - .github/python-release.yaml
  - .github/python-test.yaml
  - .github/readme-check.yaml
  - .github/workflows/lint.yaml
  - .semgrep-rules/pre-commit.yaml
  - .semgrep-rules/python.yaml
  - LICENSE
  - mypy.ini
  - pyproject.toml
  - pytest.ini
  - python.gitignore
  - python.mirror.yaml
  - python.pre-commit-config.yaml
  - requirements-dev.txt
  - requirements.txt
  - ruff.toml
  - template-README.md
  - version.txt
  source: https://github.com/George-Ogden/mirror-config
